
Microsoft Visual Studio Solution File, Format Version 12.00
Project("{FAE04EC0-301F-11D3-BF4B-00C04F79EFBC}") = "SmarterIntervals.Appliances", "src\SmarterIntervals.Appliances\SmarterIntervals.Appliances.csproj", "{BC955BBF-3604-4BA6-9C6D-57E9DBDC4091}"
EndProject
Project("{FAE04EC0-301F-11D3-BF4B-00C04F79EFBC}") = "SmarterIntervals.Appliances.Tests", "src\SmarterIntervals.Appliances.Tests\SmarterIntervals.Appliances.Tests.csproj", "{2C514A64-67F1-4631-B39A-3B1D4E761DD1}"
EndProject
Project("{FAE04EC0-301F-11D3-BF4B-00C04F79EFBC}") = "SmarterIntervals.Notifications", "src\SmarterIntervals.Notifications\SmarterIntervals.Notifications.csproj", "{32AB09E7-6A98-40E3-B5F2-425DF0EE158F}"
EndProject
Project("{FAE04EC0-301F-11D3-BF4B-00C04F79EFBC}") = "SmarterIntervals.Notifications.Tests", "src\SmarterIntervals.Notifications.Tests\SmarterIntervals.Notifications.Tests.csproj", "{B43860EC-EF36-45A3-942A-EFF9B4703785}"
EndProject
Project("{FAE04EC0-301F-11D3-BF4B-00C04F79EFBC}") = "SmarterIntervals.Parts", "src\SmarterIntervals.Parts\SmarterIntervals.Parts.csproj", "{34FFEDCD-E041-4AE1-89CC-F35D2B69B2EF}"
EndProject
Project("{FAE04EC0-301F-11D3-BF4B-00C04F79EFBC}") = "SmarterIntervals.Parts.Tests", "src\SmarterIntervals.Parts.Tests\SmarterIntervals.Parts.Tests.csproj", "{CC6B6268-0C7E-4F83-8BA9-C1661975764A}"
EndProject
Project("{FAE04EC0-301F-11D3-BF4B-00C04F79EFBC}") = "SmarterIntervals.Users", "src\SmarterIntervals.Users\SmarterIntervals.Users.csproj", "{F6D08B3B-911C-4871-A804-97C44BC3B3FE}"
EndProject
Project("{FAE04EC0-301F-11D3-BF4B-00C04F79EFBC}") = "SmarterIntervals.Users.Tests", "src\SmarterIntervals.Users.Tests\SmarterIntervals.Users.Tests.csproj", "{F7BF893A-118C-49B8-A74C-FBCEBD1158CC}"
EndProject
Project("{FAE04EC0-301F-11D3-BF4B-00C04F79EFBC}") = "SmarterIntervals.API", "src\SmarterIntervals.API\SmarterIntervals.API.csproj", "{3961B3D3-FA6C-4EA5-A868-7E813998F1CF}"
EndProject
Project("{FAE04EC0-301F-11D3-BF4B-00C04F79EFBC}") = "SmarterIntervals.API.Tests", "SmarterIntervals.API.Tests\SmarterIntervals.API.Tests.csproj", "{B9F601AF-8879-4695-A510-9762A9B54A17}"
EndProject
Project("{FAE04EC0-301F-11D3-BF4B-00C04F79EFBC}") = "SmarterIntervals.Shared", "src\SmarterIntervals.Shared\SmarterIntervals.Shared.csproj", "{2D6A88D4-9196-4F44-89C5-FA4C48408EBD}"
Global
	GlobalSection(SolutionConfigurationPlatforms) = preSolution
		Debug|Any CPU = Debug|Any CPU
		Release|Any CPU = Release|Any CPU
	EndGlobalSection
	GlobalSection(ProjectConfigurationPlatforms) = postSolution
		{BC955BBF-3604-4BA6-9C6D-57E9DBDC4091}.Debug|Any CPU.ActiveCfg = Debug|Any CPU
		{BC955BBF-3604-4BA6-9C6D-57E9DBDC4091}.Debug|Any CPU.Build.0 = Debug|Any CPU
		{BC955BBF-3604-4BA6-9C6D-57E9DBDC4091}.Release|Any CPU.ActiveCfg = Release|Any CPU
		{BC955BBF-3604-4BA6-9C6D-57E9DBDC4091}.Release|Any CPU.Build.0 = Release|Any CPU
		{2C514A64-67F1-4631-B39A-3B1D4E761DD1}.Debug|Any CPU.ActiveCfg = Debug|Any CPU
		{2C514A64-67F1-4631-B39A-3B1D4E761DD1}.Debug|Any CPU.Build.0 = Debug|Any CPU
		{2C514A64-67F1-4631-B39A-3B1D4E761DD1}.Release|Any CPU.ActiveCfg = Release|Any CPU
		{2C514A64-67F1-4631-B39A-3B1D4E761DD1}.Release|Any CPU.Build.0 = Release|Any CPU
		{32AB09E7-6A98-40E3-B5F2-425DF0EE158F}.Debug|Any CPU.ActiveCfg = Debug|Any CPU
		{32AB09E7-6A98-40E3-B5F2-425DF0EE158F}.Debug|Any CPU.Build.0 = Debug|Any CPU
		{32AB09E7-6A98-40E3-B5F2-425DF0EE158F}.Release|Any CPU.ActiveCfg = Release|Any CPU
		{32AB09E7-6A98-40E3-B5F2-425DF0EE158F}.Release|Any CPU.Build.0 = Release|Any CPU
		{B43860EC-EF36-45A3-942A-EFF9B4703785}.Debug|Any CPU.ActiveCfg = Debug|Any CPU
		{B43860EC-EF36-45A3-942A-EFF9B4703785}.Debug|Any CPU.Build.0 = Debug|Any CPU
		{B43860EC-EF36-45A3-942A-EFF9B4703785}.Release|Any CPU.ActiveCfg = Release|Any CPU
		{B43860EC-EF36-45A3-942A-EFF9B4703785}.Release|Any CPU.Build.0 = Release|Any CPU
		{34FFEDCD-E041-4AE1-89CC-F35D2B69B2EF}.Debug|Any CPU.ActiveCfg = Debug|Any CPU
		{34FFEDCD-E041-4AE1-89CC-F35D2B69B2EF}.Debug|Any CPU.Build.0 = Debug|Any CPU
		{34FFEDCD-E041-4AE1-89CC-F35D2B69B2EF}.Release|Any CPU.ActiveCfg = Release|Any CPU
		{34FFEDCD-E041-4AE1-89CC-F35D2B69B2EF}.Release|Any CPU.Build.0 = Release|Any CPU
		{CC6B6268-0C7E-4F83-8BA9-C1661975764A}.Debug|Any CPU.ActiveCfg = Debug|Any CPU
		{CC6B6268-0C7E-4F83-8BA9-C1661975764A}.Debug|Any CPU.Build.0 = Debug|Any CPU
		{CC6B6268-0C7E-4F83-8BA9-C1661975764A}.Release|Any CPU.ActiveCfg = Release|Any CPU
		{CC6B6268-0C7E-4F83-8BA9-C1661975764A}.Release|Any CPU.Build.0 = Release|Any CPU
		{F6D08B3B-911C-4871-A804-97C44BC3B3FE}.Debug|Any CPU.ActiveCfg = Debug|Any CPU
		{F6D08B3B-911C-4871-A804-97C44BC3B3FE}.Debug|Any CPU.Build.0 = Debug|Any CPU
		{F6D08B3B-911C-4871-A804-97C44BC3B3FE}.Release|Any CPU.ActiveCfg = Release|Any CPU
		{F6D08B3B-911C-4871-A804-97C44BC3B3FE}.Release|Any CPU.Build.0 = Release|Any CPU
		{F7BF893A-118C-49B8-A74C-FBCEBD1158CC}.Debug|Any CPU.ActiveCfg = Debug|Any CPU
		{F7BF893A-118C-49B8-A74C-FBCEBD1158CC}.Debug|Any CPU.Build.0 = Debug|Any CPU
		{F7BF893A-118C-49B8-A74C-FBCEBD1158CC}.Release|Any CPU.ActiveCfg = Release|Any CPU
		{F7BF893A-118C-49B8-A74C-FBCEBD1158CC}.Release|Any CPU.Build.0 = Release|Any CPU
		{3961B3D3-FA6C-4EA5-A868-7E813998F1CF}.Debug|Any CPU.ActiveCfg = Debug|Any CPU
		{3961B3D3-FA6C-4EA5-A868-7E813998F1CF}.Debug|Any CPU.Build.0 = Debug|Any CPU
		{3961B3D3-FA6C-4EA5-A868-7E813998F1CF}.Release|Any CPU.ActiveCfg = Release|Any CPU
		{3961B3D3-FA6C-4EA5-A868-7E813998F1CF}.Release|Any CPU.Build.0 = Release|Any CPU
		{B9F601AF-8879-4695-A510-9762A9B54A17}.Debug|Any CPU.ActiveCfg = Debug|Any CPU
		{B9F601AF-8879-4695-A510-9762A9B54A17}.Debug|Any CPU.Build.0 = Debug|Any CPU
		{B9F601AF-8879-4695-A510-9762A9B54A17}.Release|Any CPU.ActiveCfg = Release|Any CPU
		{B9F601AF-8879-4695-A510-9762A9B54A17}.Release|Any CPU.Build.0 = Release|Any CPU
		{2D6A88D4-9196-4F44-89C5-FA4C48408EBD}.Debug|Any CPU.ActiveCfg = Debug|Any CPU
		{2D6A88D4-9196-4F44-89C5-FA4C48408EBD}.Debug|Any CPU.Build.0 = Debug|Any CPU
		{2D6A88D4-9196-4F44-89C5-FA4C48408EBD}.Release|Any CPU.ActiveCfg = Release|Any CPU
		{2D6A88D4-9196-4F44-89C5-FA4C48408EBD}.Release|Any CPU.Build.0 = Release|Any CPU
	EndGlobalSection
EndGlobal
